
Microsoft Visual Studio Solution File, Format Version 12.00
# Visual Studio Version 16
VisualStudioVersion = 16.0.30517.126
MinimumVisualStudioVersion = 10.0.40219.1
Project("{FAE04EC0-301F-11D3-BF4B-00C04F79EFBC}") = "EpicBattle2", "EpicBattle2\EpicBattle2.csproj", "{78B18025-8977-4B75-AA90-ABEBC8BDFD4B}"
EndProject
Global
	GlobalSection(SolutionConfigurationPlatforms) = preSolution
		Debug|Any CPU = Debug|Any CPU
		Release|Any CPU = Release|Any CPU
	EndGlobalSection
	GlobalSection(ProjectConfigurationPlatforms) = postSolution
		{78B18025-8977-4B75-AA90-ABEBC8BDFD4B}.Debug|Any CPU.ActiveCfg = Debug|Any CPU
		{78B18025-8977-4B75-AA90-ABEBC8BDFD4B}.Debug|Any CPU.Build.0 = Debug|Any CPU
		{78B18025-8977-4B75-AA90-ABEBC8BDFD4B}.Release|Any CPU.ActiveCfg = Release|Any CPU
		{78B18025-8977-4B75-AA90-ABEBC8BDFD4B}.Release|Any CPU.Build.0 = Release|Any CPU
	EndGlobalSection
	GlobalSection(SolutionProperties) = preSolution
		HideSolutionNode = FALSE
	EndGlobalSection
	GlobalSection(ExtensibilityGlobals) = postSolution
		SolutionGuid = {F9E9DCC1-6447-4279-AE55-DCAC48A875BC}
	EndGlobalSection
EndGlobal
